
Microsoft Visual Studio Solution File, Format Version 12.00
# Visual Studio Version 17
VisualStudioVersion = 17.4.33205.214
MinimumVisualStudioVersion = 10.0.40219.1
Project("{FAE04EC0-301F-11D3-BF4B-00C04F79EFBC}") = "Day3", "Day3\Day3.csproj", "{6BCFC5D3-B68F-4353-908F-E9BDC1358DC4}"
EndProject
Global
	GlobalSection(SolutionConfigurationPlatforms) = preSolution
		Debug|Any CPU = Debug|Any CPU
		Release|Any CPU = Release|Any CPU
	EndGlobalSection
	GlobalSection(ProjectConfigurationPlatforms) = postSolution
		{6BCFC5D3-B68F-4353-908F-E9BDC1358DC4}.Debug|Any CPU.ActiveCfg = Debug|Any CPU
		{6BCFC5D3-B68F-4353-908F-E9BDC1358DC4}.Debug|Any CPU.Build.0 = Debug|Any CPU
		{6BCFC5D3-B68F-4353-908F-E9BDC1358DC4}.Release|Any CPU.ActiveCfg = Release|Any CPU
		{6BCFC5D3-B68F-4353-908F-E9BDC1358DC4}.Release|Any CPU.Build.0 = Release|Any CPU
	EndGlobalSection
	GlobalSection(SolutionProperties) = preSolution
		HideSolutionNode = FALSE
	EndGlobalSection
	GlobalSection(ExtensibilityGlobals) = postSolution
		SolutionGuid = {8B27DF0F-A663-4CDD-AF58-34235E75CB8E}
	EndGlobalSection
EndGlobal
